{
  "name": "SmartLister",
  "lockfileVersion": 3,
  "requires": true,
  "packages": {
    "": {
      "dependencies": {
        "lcov": "^1.16.0"
      }
    },
    "node_modules/lcov": {
      "version": "1.16.0",
      "resolved": "https://registry.npmjs.org/lcov/-/lcov-1.16.0.tgz",
      "integrity": "sha512-pEUuvik5O5xPeB3z1z8cFWCGtugnPHwR5YhGd1Er6dJqHRb1X/Gvn2ZBbmWn9lVEAf1ivFsR/JGCsVrPBgPy+A==",
      "bin": {
        "get_version.sh": "get_version.sh",
        "lcov": "lcov"
      }
    }
  }
}
